PODS:
  - CocoaLumberjack (3.7.0):
    - CocoaLumberjack/Core (= 3.7.0)
  - CocoaLumberjack/Core (3.7.0)
  - SDWebImage (5.10.3):
    - SDWebImage/Core (= 5.10.3)
  - SDWebImage/Core (5.10.3)
  - SDWebImageSwiftUI (1.5.0):
    - SDWebImage (~> 5.7)
  - SVGKit (2.1.1):
    - CocoaLumberjack (~> 3.0)

DEPENDENCIES:
  - SDWebImageSwiftUI
  - SVGKit

SPEC REPOS:
  trunk:
    - CocoaLumberjack
    - SDWebImage
    - SDWebImageSwiftUI
    - SVGKit

SPEC CHECKSUMS:
  CocoaLumberjack: e8955b9d337ac307103b0a34fd141c32f27e53c5
  SDWebImage: e378178472b735e84b007bfb55514c97948a0598
  SDWebImageSwiftUI: 43687ffe232ddd33fe0659498b7ca9884fdd6b35
  SVGKit: 652cdf7bef8bec8564d04a8511d3ab50c7595fac

PODFILE CHECKSUM: 032b5dcd0bcef0c14554f9899ee70593e6c0ea80

COCOAPODS: 1.10.1
